// !$*UTF8*$!
{
	archiveVersion = 1;
	classes = {
	};
	objectVersion = 46;
	objects = {

/* Begin PBXBuildFile section */
		366BB2D01C0E822A0056B648 /* main.m in Sources */ = {isa = PBXBuildFile; fileRef = 366BB2CF1C0E822A0056B648 /* main.m */; };
		366BB2D31C0E822A0056B648 /* AppDelegate.m in Sources */ = {isa = PBXBuildFile; fileRef = 366BB2D21C0E822A0056B648 /* AppDelegate.m */; };
		366BB2D61C0E822A0056B648 /* ViewController.m in Sources */ = {isa = PBXBuildFile; fileRef = 366BB2D51C0E822A0056B648 /* ViewController.m */; };
		366BB2D91C0E822A0056B648 /* Main.storyboard in Resources */ = {isa = PBXBuildFile; fileRef = 366BB2D71C0E822A0056B648 /* Main.storyboard */; };
		366BB2DC1C0E822A0056B648 /* TextTwo.xcdatamodeld in Sources */ = {isa = PBXBuildFile; fileRef = 366BB2DA1C0E822A0056B648 /* TextTwo.xcdatamodeld */; };
		366BB2DE1C0E822A0056B648 /* Assets.xcassets in Resources */ = {isa = PBXBuildFile; fileRef = 366BB2DD1C0E822A0056B648 /* Assets.xcassets */; };
		366BB2E11C0E822A0056B648 /* LaunchScreen.storyboard in Resources */ = {isa = PBXBuildFile; fileRef = 366BB2DF1C0E822A0056B648 /* LaunchScreen.storyboard */; };
/* End PBXBuildFile section */

/* Begin PBXFileReference section */
		366BB2CB1C0E822A0056B648 /* TextTwo.app */ = {isa = PBXFileReference; explicitFileType = wrapper.application; includeInIndex = 0; path = TextTwo.app; sourceTree = BUILT_PRODUCTS_DIR; };
		366BB2CF1C0E822A0056B648 /* main.m */ = {isa = PBXFileReference; lastKnownFileType = sourcecode.c.objc; path = main.m; sourceTree = "<group>"; };
		366BB2D11C0E822A0056B648 /* AppDelegate.h */ = {isa = PBXFileReference; lastKnownFileType = sourcecode.c.h; path = AppDelegate.h; sourceTree = "<group>"; };
		366BB2D21C0E822A0056B648 /* AppDelegate.m */ = {isa = PBXFileReference; lastKnownFileType = sourcecode.c.objc; path = AppDelegate.m; sourceTree = "<group>"; };
		366BB2D41C0E822A0056B648 /* ViewController.h */ = {isa = PBXFileReference; lastKnownFileType = sourcecode.c.h; path = ViewController.h; sourceTree = "<group>"; };
		366BB2D51C0E822A0056B648 /* ViewController.m */ = {isa = PBXFileReference; lastKnownFileType = sourcecode.c.objc; path = ViewController.m; sourceTree = "<group>"; };
		366BB2D81C0E822A0056B648 /* Base */ = {isa = PBXFileReference; lastKnownFileType = file.storyboard; name = Base; path = Base.lproj/Main.storyboard; sourceTree = "<group>"; };
		366BB2DB1C0E822A0056B648 /* TextTwo.xcdatamodel */ = {isa = PBXFileReference; lastKnownFileType = wrapper.xcdatamodel; path = TextTwo.xcdatamodel; sourceTree = "<group>"; };
		366BB2DD1C0E822A0056B648 /* Assets.xcassets */ = {isa = PBXFileReference; lastKnownFileType = folder.assetcatalog; path = Assets.xcassets; sourceTree = "<group>"; };
		366BB2E01C0E822A0056B648 /* Base */ = {isa = PBXFileReference; lastKnownFileType = file.storyboard; name = Base; path = Base.lproj/LaunchScreen.storyboard; sourceTree = "<group>"; };
		366BB2E21C0E822A0056B648 /* Info.plist */ = {isa = PBXFileReference; lastKnownFileType = text.plist.xml; path = Info.plist; sourceTree = "<group>"; };
/* End PBXFileReference section */

/* Begin PBXFrameworksBuildPhase section */
		366BB2C81C0E822A0056B648 /* Frameworks */ = {
			isa = PBXFrameworksBuildPhase;
			buildActionMask = 2147483647;
			files = (
			);
			runOnlyForDeploymentPostprocessing = 0;
		};
/* End PBXFrameworksBuildPhase section */

/* Begin PBXGroup section */
		366BB2C21C0E822A0056B648 = {
			isa = PBXGroup;
			children = (
				366BB2CD1C0E822A0056B648 /* TextTwo */,
				366BB2CC1C0E822A0056B648 /* Products */,
			);
			sourceTree = "<group>";
		};
		366BB2CC1C0E822A0056B648 /* Products */ = {
			isa = PBXGroup;
			children = (
				366BB2CB1C0E822A0056B648 /* TextTwo.app */,
			);
			name = Products;
			sourceTree = "<group>";
		};
		366BB2CD1C0E822A0056B648 /* TextTwo */ = {
			isa = PBXGroup;
			children = (
				366BB2D11C0E822A0056B648 /* AppDelegate.h */,
				366BB2D21C0E822A0056B648 /* AppDelegate.m */,
				366BB2D41C0E822A0056B648 /* ViewController.h */,
				366BB2D51C0E822A0056B648 /* ViewController.m */,
				366BB2D71C0E822A0056B648 /* Main.storyboard */,
				366BB2DD1C0E822A0056B648 /* Assets.xcassets */,
				366BB2DF1C0E822A0056B648 /* LaunchScreen.storyboard */,
				366BB2E21C0E822A0056B648 /* Info.plist */,
				366BB2DA1C0E822A0056B648 /* TextTwo.xcdatamodeld */,
				366BB2CE1C0E822A0056B648 /* Supporting Files */,
			);
			path = TextTwo;
			sourceTree = "<group>";
		};
		366BB2CE1C0E822A0056B648 /* Supporting Files */ = {
			isa = PBXGroup;
			children = (
				366BB2CF1C0E822A0056B648 /* main.m */,
			);
			name = "Supporting Files";
			sourceTree = "<group>";
		};
/* End PBXGroup section */

/* Begin PBXNativeTarget section */
		366BB2CA1C0E822A0056B648 /* TextTwo */ = {
			isa = PBXNativeTarget;
			buildConfigurationList = 366BB2E51C0E822A0056B648 /* Build configuration list for PBXNativeTarget "TextTwo" */;
			buildPhases = (
				366BB2C71C0E822A0056B648 /* Sources */,
				366BB2C81C0E822A0056B648 /* Frameworks */,
				366BB2C91C0E822A0056B648 /* Resources */,
			);
			buildRules = (
			);
			dependencies = (
			);
			name = TextTwo;
			productName = TextTwo;
			productReference = 366BB2CB1C0E822A0056B648 /* TextTwo.app */;
			productType = "com.apple.product-type.application";
		};
/* End PBXNativeTarget section */

/* Begin PBXProject section */
		366BB2C31C0E822A0056B648 /* Project object */ = {
			isa = PBXProject;
			attributes = {
				LastUpgradeCheck = 0710;
				ORGANIZATIONNAME = "赵亚琴";
				TargetAttributes = {
					366BB2CA1C0E822A0056B648 = {
						CreatedOnToolsVersion = 7.1;
					};
				};
			};
			buildConfigurationList = 366BB2C61C0E822A0056B648 /* Build configuration list for PBXProject "TextTwo" */;
			compatibilityVersion = "Xcode 3.2";
			developmentRegion = English;
			hasScannedForEncodings = 0;
			knownRegions = (
				en,
				Base,
			);
			mainGroup = 366BB2C21C0E822A0056B648;
			productRefGroup = 366BB2CC1C0E822A0056B648 /* Products */;
			projectDirPath = "";
			projectRoot = "";
			targets = (
				366BB2CA1C0E822A0056B648 /* TextTwo */,
			);
		};
/* End PBXProject section */

/* Begin PBXResourcesBuildPhase section */
		366BB2C91C0E822A0056B648 /* Resources */ = {
			isa = PBXResourcesBuildPhase;
			buildActionMask = 2147483647;
			files = (
				366BB2E11C0E822A0056B648 /* LaunchScreen.storyboard in Resources */,
				366BB2DE1C0E822A0056B648 /* Assets.xcassets in Resources */,
				366BB2D91C0E822A0056B648 /* Main.storyboard in Resources */,
			);
			runOnlyForDeploymentPostprocessing = 0;
		};
/* End PBXResourcesBuildPhase section */

/* Begin PBXSourcesBuildPhase section */
		366BB2C71C0E822A0056B648 /* Sources */ = {
			isa = PBXSourcesBuildPhase;
			buildActionMask = 2147483647;
			files = (
				366BB2D61C0E822A0056B648 /* ViewController.m in Sources */,
				366BB2D31C0E822A0056B648 /* AppDelegate.m in Sources */,
				366BB2D01C0E822A0056B648 /* main.m in Sources */,
				366BB2DC1C0E822A0056B648 /* TextTwo.xcdatamodeld in Sources */,
			);
			runOnlyForDeploymentPostprocessing = 0;
		};
/* End PBXSourcesBuildPhase section */

/* Begin PBXVariantGroup section */
		366BB2D71C0E822A0056B648 /* Main.storyboard */ = {
			isa = PBXVariantGroup;
			children = (
				366BB2D81C0E822A0056B648 /* Base */,
			);
			name = Main.storyboard;
			sourceTree = "<group>";
		};
		366BB2DF1C0E822A0056B648 /* LaunchScreen.storyboard */ = {
			isa = PBXVariantGroup;
			children = (
				366BB2E01C0E822A0056B648 /* Base */,
			);
			name = LaunchScreen.storyboard;
			sourceTree = "<group>";
		};
/* End PBXVariantGroup section */

/* Begin XCBuildConfiguration section */
		366BB2E31C0E822A0056B648 /* Debug */ = {
			isa = XCBuildConfiguration;
			buildSettings = {
				ALWAYS_SEARCH_USER_PATHS = NO;
				CLANG_CXX_LANGUAGE_STANDARD = "gnu++0x";
				CLANG_CXX_LIBRARY = "libc++";
				CLANG_ENABLE_MODULES = YES;
				CLANG_ENABLE_OBJC_ARC = YES;
				CLANG_WARN_BOOL_CONVERSION = YES;
				CLANG_WARN_CONSTANT_CONVERSION = YES;
				CLANG_WARN_DIRECT_OBJC_ISA_USAGE = YES_ERROR;
				CLANG_WARN_EMPTY_BODY = YES;
				CLANG_WARN_ENUM_CONVERSION = YES;
				CLANG_WARN_INT_CONVERSION = YES;
				CLANG_WARN_OBJC_ROOT_CLASS = YES_ERROR;
				CLANG_WARN_UNREACHABLE_CODE = YES;
				CLANG_WARN__DUPLICATE_METHOD_MATCH = YES;
				"CODE_SIGN_IDENTITY[sdk=iphoneos*]" = "iPhone Developer";
				COPY_PHASE_STRIP = NO;
				DEBUG_INFORMATION_FORMAT = dwarf;
				ENABLE_STRICT_OBJC_MSGSEND = YES;
				ENABLE_TESTABILITY = YES;
				GCC_C_LANGUAGE_STANDARD = gnu99;
				GCC_DYNAMIC_NO_PIC = NO;
				GCC_NO_COMMON_BLOCKS = YES;
				GCC_OPTIMIZATION_LEVEL = 0;
				GCC_PREPROCESSOR_DEFINITIONS = (
					"DEBUG=1",
					"$(inherited)",
				);
				GCC_WARN_64_TO_32_BIT_CONVERSION = YES;
				GCC_WARN_ABOUT_RETURN_TYPE = YES_ERROR;
				GCC_WARN_UNDECLARED_SELECTOR = YES;
				GCC_WARN_UNINITIALIZED_AUTOS = YES_AGGRESSIVE;
				GCC_WARN_UNUSED_FUNCTION = YES;
				GCC_WARN_UNUSED_VARIABLE = YES;
				IPHONEOS_DEPLOYMENT_TARGET = 9.1;
				MTL_ENABLE_DEBUG_INFO = YES;
				ONLY_ACTIVE_ARCH = YES;
				SDKROOT = iphoneos;
			};
			name = Debug;
		};
		366BB2E41C0E822A0056B648 /* Release */ = {
			isa = XCBuildConfiguration;
			buildSettings = {
				ALWAYS_SEARCH_USER_PATHS = NO;
				CLANG_CXX_LANGUAGE_STANDARD = "gnu++0x";
				CLANG_CXX_LIBRARY = "libc++";
				CLANG_ENABLE_MODULES = YES;
				CLANG_ENABLE_OBJC_ARC = YES;
				CLANG_WARN_BOOL_CONVERSION = YES;
				CLANG_WARN_CONSTANT_CONVERSION = YES;
				CLANG_WARN_DIRECT_OBJC_ISA_USAGE = YES_ERROR;
				CLANG_WARN_EMPTY_BODY = YES;
				CLANG_WARN_ENUM_CONVERSION = YES;
				CLANG_WARN_INT_CONVERSION = YES;
				CLANG_WARN_OBJC_ROOT_CLASS = YES_ERROR;
				CLANG_WARN_UNREACHABLE_CODE = YES;
				CLANG_WARN__DUPLICATE_METHOD_MATCH = YES;
				"CODE_SIGN_IDENTITY[sdk=iphoneos*]" = "iPhone Developer";
				COPY_PHASE_STRIP = NO;
				DEBUG_INFORMATION_FORMAT = "dwarf-with-dsym";
				ENABLE_NS_ASSERTIONS = NO;
				ENABLE_STRICT_OBJC_MSGSEND = YES;
				GCC_C_LANGUAGE_STANDARD = gnu99;
				GCC_NO_COMMON_BLOCKS = YES;
				GCC_WARN_64_TO_32_BIT_CONVERSION = YES;
				GCC_WARN_ABOUT_RETURN_TYPE = YES_ERROR;
				GCC_WARN_UNDECLARED_SELECTOR = YES;
				GCC_WARN_UNINITIALIZED_AUTOS = YES_AGGRESSIVE;
				GCC_WARN_UNUSED_FUNCTION = YES;
				GCC_WARN_UNUSED_VARIABLE = YES;
				IPHONEOS_DEPLOYMENT_TARGET = 9.1;
				MTL_ENABLE_DEBUG_INFO = NO;
				SDKROOT = iphoneos;
				VALIDATE_PRODUCT = YES;
			};
			name = Release;
		};
		366BB2E61C0E822A0056B648 /* Debug */ = {
			isa = XCBuildConfiguration;
			buildSettings = {
				ASSETCATALOG_COMPILER_APPICON_NAME = AppIcon;
				INFOPLIST_FILE = TextTwo/Info.plist;
				LD_RUNPATH_SEARCH_PATHS = "$(inherited) @executable_path/Frameworks";
				PRODUCT_BUNDLE_IDENTIFIER = com.lanou3g.TextTwo;
				PRODUCT_NAME = "$(TARGET_NAME)";
			};
			name = Debug;
		};
		366BB2E71C0E822A0056B648 /* Release */ = {
			isa = XCBuildConfiguration;
			buildSettings = {
				ASSETCATALOG_COMPILER_APPICON_NAME = AppIcon;
				INFOPLIST_FILE = TextTwo/Info.plist;
				LD_RUNPATH_SEARCH_PATHS = "$(inherited) @executable_path/Frameworks";
				PRODUCT_BUNDLE_IDENTIFIER = com.lanou3g.TextTwo;
				PRODUCT_NAME = "$(TARGET_NAME)";
			};
			name = Release;
		};
/* End XCBuildConfiguration section */

/* Begin XCConfigurationList section */
		366BB2C61C0E822A0056B648 /* Build configuration list for PBXProject "TextTwo" */ = {
			isa = XCConfigurationList;
			buildConfigurations = (
				366BB2E31C0E822A0056B648 /* Debug */,
				366BB2E41C0E822A0056B648 /* Release */,
			);
			defaultConfigurationIsVisible = 0;
			defaultConfigurationName = Release;
		};
		366BB2E51C0E822A0056B648 /* Build configuration list for PBXNativeTarget "TextTwo" */ = {
			isa = XCConfigurationList;
			buildConfigurations = (
				366BB2E61C0E822A0056B648 /* Debug */,
				366BB2E71C0E822A0056B648 /* Release */,
			);
			defaultConfigurationIsVisible = 0;
		};
/* End XCConfigurationList section */

/* Begin XCVersionGroup section */
		366BB2DA1C0E822A0056B648 /* TextTwo.xcdatamodeld */ = {
			isa = XCVersionGroup;
			children = (
				366BB2DB1C0E822A0056B648 /* TextTwo.xcdatamodel */,
			);
			currentVersion = 366BB2DB1C0E822A0056B648 /* TextTwo.xcdatamodel */;
			path = TextTwo.xcdatamodeld;
			sourceTree = "<group>";
			versionGroupType = wrapper.xcdatamodel;
		};
/* End XCVersionGroup section */
	};
	rootObject = 366BB2C31C0E822A0056B648 /* Project object */;
}
